
Microsoft Visual Studio Solution File, Format Version 12.00
# Visual Studio Version 17
VisualStudioVersion = 17.11.35312.102
MinimumVisualStudioVersion = 10.0.40219.1
Project("{FAE04EC0-301F-11D3-BF4B-00C04F79EFBC}") = "Week2", "Week2\Week2.csproj", "{45AF66C1-CD8E-477F-A32B-0E706EB408EC}"
EndProject
Project("{FAE04EC0-301F-11D3-BF4B-00C04F79EFBC}") = "UserAgeValidation", "UserAgeValidation\UserAgeValidation.csproj", "{0727FC58-7D5B-481B-AF74-068D37E7FCF2}"
EndProject
Project("{FAE04EC0-301F-11D3-BF4B-00C04F79EFBC}") = "UserGenderValidation", "UserGenderValidation\UserGenderValidation.csproj", "{AA370000-4B97-4FCD-9E60-AB6626F2E4B4}"
EndProject
Global
	GlobalSection(SolutionConfigurationPlatforms) = preSolution
		Debug|Any CPU = Debug|Any CPU
		Release|Any CPU = Release|Any CPU
	EndGlobalSection
	GlobalSection(ProjectConfigurationPlatforms) = postSolution
		{45AF66C1-CD8E-477F-A32B-0E706EB408EC}.Debug|Any CPU.ActiveCfg = Debug|Any CPU
		{45AF66C1-CD8E-477F-A32B-0E706EB408EC}.Debug|Any CPU.Build.0 = Debug|Any CPU
		{45AF66C1-CD8E-477F-A32B-0E706EB408EC}.Release|Any CPU.ActiveCfg = Release|Any CPU
		{45AF66C1-CD8E-477F-A32B-0E706EB408EC}.Release|Any CPU.Build.0 = Release|Any CPU
		{0727FC58-7D5B-481B-AF74-068D37E7FCF2}.Debug|Any CPU.ActiveCfg = Debug|Any CPU
		{0727FC58-7D5B-481B-AF74-068D37E7FCF2}.Debug|Any CPU.Build.0 = Debug|Any CPU
		{0727FC58-7D5B-481B-AF74-068D37E7FCF2}.Release|Any CPU.ActiveCfg = Release|Any CPU
		{0727FC58-7D5B-481B-AF74-068D37E7FCF2}.Release|Any CPU.Build.0 = Release|Any CPU
		{AA370000-4B97-4FCD-9E60-AB6626F2E4B4}.Debug|Any CPU.ActiveCfg = Debug|Any CPU
		{AA370000-4B97-4FCD-9E60-AB6626F2E4B4}.Debug|Any CPU.Build.0 = Debug|Any CPU
		{AA370000-4B97-4FCD-9E60-AB6626F2E4B4}.Release|Any CPU.ActiveCfg = Release|Any CPU
		{AA370000-4B97-4FCD-9E60-AB6626F2E4B4}.Release|Any CPU.Build.0 = Release|Any CPU
	EndGlobalSection
	GlobalSection(SolutionProperties) = preSolution
		HideSolutionNode = FALSE
	EndGlobalSection
	GlobalSection(ExtensibilityGlobals) = postSolution
		SolutionGuid = {B50C444C-B211-410F-AE23-6CCE3296BEAD}
	EndGlobalSection
EndGlobal
